
Microsoft Visual Studio Solution File, Format Version 12.00
# Visual Studio Version 17
VisualStudioVersion = 17.6.33723.286
MinimumVisualStudioVersion = 10.0.40219.1
Project("{FAE04EC0-301F-11D3-BF4B-00C04F79EFBC}") = "Project1", "Project1\Project1.csproj", "{AF391523-6E8A-4778-9096-DB7A772F6C0B}"
EndProject
Global
	GlobalSection(SolutionConfigurationPlatforms) = preSolution
		Debug|Any CPU = Debug|Any CPU
		Release|Any CPU = Release|Any CPU
	EndGlobalSection
	GlobalSection(ProjectConfigurationPlatforms) = postSolution
		{AF391523-6E8A-4778-9096-DB7A772F6C0B}.Debug|Any CPU.ActiveCfg = Debug|Any CPU
		{AF391523-6E8A-4778-9096-DB7A772F6C0B}.Debug|Any CPU.Build.0 = Debug|Any CPU
		{AF391523-6E8A-4778-9096-DB7A772F6C0B}.Release|Any CPU.ActiveCfg = Release|Any CPU
		{AF391523-6E8A-4778-9096-DB7A772F6C0B}.Release|Any CPU.Build.0 = Release|Any CPU
	EndGlobalSection
	GlobalSection(SolutionProperties) = preSolution
		HideSolutionNode = FALSE
	EndGlobalSection
	GlobalSection(ExtensibilityGlobals) = postSolution
		SolutionGuid = {F63A8F85-3351-4FB1-B628-9309502C5C2F}
	EndGlobalSection
EndGlobal
